{
  "name": "apialerts-smoke",
  "lockfileVersion": 3,
  "requires": true,
  "packages": {
    "": {
      "name": "apialerts-smoke",
      "dependencies": {
        "apialerts": "1.3.2"
      }
    },
    "node_modules/apialerts": {
      "version": "1.3.2",
      "resolved": "https://registry.npmjs.org/apialerts/-/apialerts-1.3.2.tgz",
      "integrity": "sha512-ahf3zrJuLitgwXab6E4cwUXY36hICVjEMy7SRaALrNKMf1WNafzdEX8sljtWdOH0R8wog7beMR+qzl4GarkBJQ==",
      "license": "MIT"
    }
  }
}
